
Microsoft Visual Studio Solution File, Format Version 12.00
# Visual Studio Version 17
VisualStudioVersion = 17.4.33403.182
MinimumVisualStudioVersion = 10.0.40219.1
Project("{8BC9CEB8-8B4A-11D0-8D11-00A0C91BC942}") = "Task1", "Task1.vcxproj", "{CC70205D-3809-4BAC-8ABA-69D21892CAC3}"
EndProject
Global
	GlobalSection(SolutionConfigurationPlatforms) = preSolution
		Debug|x64 = Debug|x64
		Debug|x86 = Debug|x86
		Release|x64 = Release|x64
		Release|x86 = Release|x86
	EndGlobalSection
	GlobalSection(ProjectConfigurationPlatforms) = postSolution
		{CC70205D-3809-4BAC-8ABA-69D21892CAC3}.Debug|x64.ActiveCfg = Debug|x64
		{CC70205D-3809-4BAC-8ABA-69D21892CAC3}.Debug|x64.Build.0 = Debug|x64
		{CC70205D-3809-4BAC-8ABA-69D21892CAC3}.Debug|x86.ActiveCfg = Debug|Win32
		{CC70205D-3809-4BAC-8ABA-69D21892CAC3}.Debug|x86.Build.0 = Debug|Win32
		{CC70205D-3809-4BAC-8ABA-69D21892CAC3}.Release|x64.ActiveCfg = Release|x64
		{CC70205D-3809-4BAC-8ABA-69D21892CAC3}.Release|x64.Build.0 = Release|x64
		{CC70205D-3809-4BAC-8ABA-69D21892CAC3}.Release|x86.ActiveCfg = Release|Win32
		{CC70205D-3809-4BAC-8ABA-69D21892CAC3}.Release|x86.Build.0 = Release|Win32
	EndGlobalSection
	GlobalSection(SolutionProperties) = preSolution
		HideSolutionNode = FALSE
	EndGlobalSection
	GlobalSection(ExtensibilityGlobals) = postSolution
		SolutionGuid = {44BA2BE2-B331-45A0-9EFC-E67C52EE46F7}
	EndGlobalSection
EndGlobal
